
Microsoft Visual Studio Solution File, Format Version 12.00
# Visual Studio Version 16
VisualStudioVersion = 16.0.33423.256
MinimumVisualStudioVersion = 10.0.40219.1
Project("{FAE04EC0-301F-11D3-BF4B-00C04F79EFBC}") = "EduZone", "EduZone\EduZone.csproj", "{2E9E175E-626F-4AC8-8C92-2B40E2239EB6}"
EndProject
Global
	GlobalSection(SolutionConfigurationPlatforms) = preSolution
		Debug|Any CPU = Debug|Any CPU
		Release|Any CPU = Release|Any CPU
	EndGlobalSection
	GlobalSection(ProjectConfigurationPlatforms) = postSolution
		{2E9E175E-626F-4AC8-8C92-2B40E2239EB6}.Debug|Any CPU.ActiveCfg = Debug|Any CPU
		{2E9E175E-626F-4AC8-8C92-2B40E2239EB6}.Debug|Any CPU.Build.0 = Debug|Any CPU
		{2E9E175E-626F-4AC8-8C92-2B40E2239EB6}.Release|Any CPU.ActiveCfg = Release|Any CPU
		{2E9E175E-626F-4AC8-8C92-2B40E2239EB6}.Release|Any CPU.Build.0 = Release|Any CPU
	EndGlobalSection
	GlobalSection(SolutionProperties) = preSolution
		HideSolutionNode = FALSE
	EndGlobalSection
	GlobalSection(ExtensibilityGlobals) = postSolution
		SolutionGuid = {E98FBAD6-A547-45F1-86FA-0A499F4EDEAA}
	EndGlobalSection
EndGlobal
